
Microsoft Visual Studio Solution File, Format Version 12.00
# Visual Studio Version 17
VisualStudioVersion = 17.0.31611.283
MinimumVisualStudioVersion = 10.0.40219.1
Project("{9A19103F-16F7-4668-BE54-9A1E7A4F7556}") = "Manigdha", "Manigdha\Manigdha.csproj", "{53F92DA1-B7E5-4C78-A7B6-005FC332747E}"
EndProject
Project("{2150E333-8FDC-42A3-9474-1A3956D46DE8}") = "Backend", "Backend", "{D01B4CC9-BB54-4AAB-A4F7-A2981BFE740E}"
EndProject
Project("{9A19103F-16F7-4668-BE54-9A1E7A4F7556}") = "UserService", "User\UserService.csproj", "{14862F65-A2C9-4CFD-B03C-4031517BFF7C}"
EndProject
Project("{9A19103F-16F7-4668-BE54-9A1E7A4F7556}") = "SellerService", "Seller\SellerService.csproj", "{17443447-76F3-49B8-8943-AA7D938AF2D0}"
EndProject
Project("{9A19103F-16F7-4668-BE54-9A1E7A4F7556}") = "PostService", "PostService\PostService.csproj", "{8A3A5B2D-E041-44C0-AA3B-2B59102A23C5}"
EndProject
Project("{9A19103F-16F7-4668-BE54-9A1E7A4F7556}") = "PaymentService", "PaymentService\PaymentService.csproj", "{91A12B30-6DC5-40E2-BEE3-FA5F8F8411FC}"
EndProject
Project("{9A19103F-16F7-4668-BE54-9A1E7A4F7556}") = "DeliveryService", "DeliveryService\DeliveryService.csproj", "{EDB2967C-EE2E-4101-BE6A-8587A82F0D82}"
EndProject
Project("{9A19103F-16F7-4668-BE54-9A1E7A4F7556}") = "SharedModal", "SharedModal\SharedModal.csproj", "{443AA577-0983-4F3E-89C7-EB735506AAF8}"
EndProject
Project("{9A19103F-16F7-4668-BE54-9A1E7A4F7556}") = "DataAccess", "DataAccess\DataAccess.csproj", "{8759D1B5-019E-43B4-9429-888803712C63}"
EndProject
Project("{9A19103F-16F7-4668-BE54-9A1E7A4F7556}") = "Manigdha_Integration_Test", "Manigdha_Integration_Test\Manigdha_Integration_Test.csproj", "{AE2903B6-DA07-4A62-B783-0469D5E890AD}"
EndProject
Project("{9A19103F-16F7-4668-BE54-9A1E7A4F7556}") = "CommonCalls", "CommonCalls\CommonCalls.csproj", "{720A788A-C3F5-4EA0-BB07-58A3D6DD723F}"
EndProject
Project("{2150E333-8FDC-42A3-9474-1A3956D46DE8}") = "Test", "Test", "{16B08F5B-3A01-445D-A35B-5CB2CB001A0A}"
EndProject
Project("{FAE04EC0-301F-11D3-BF4B-00C04F79EFBC}") = "PostServiceTest", "PostServiceTest\PostServiceTest.csproj", "{32DC3214-5FB6-426C-B105-3239008B4806}"
EndProject
Global
	GlobalSection(SolutionConfigurationPlatforms) = preSolution
		Debug|Any CPU = Debug|Any CPU
		Release|Any CPU = Release|Any CPU
	EndGlobalSection
	GlobalSection(ProjectConfigurationPlatforms) = postSolution
		{53F92DA1-B7E5-4C78-A7B6-005FC332747E}.Debug|Any CPU.ActiveCfg = Debug|Any CPU
		{53F92DA1-B7E5-4C78-A7B6-005FC332747E}.Debug|Any CPU.Build.0 = Debug|Any CPU
		{53F92DA1-B7E5-4C78-A7B6-005FC332747E}.Debug|Any CPU.Deploy.0 = Debug|Any CPU
		{53F92DA1-B7E5-4C78-A7B6-005FC332747E}.Release|Any CPU.ActiveCfg = Release|Any CPU
		{53F92DA1-B7E5-4C78-A7B6-005FC332747E}.Release|Any CPU.Build.0 = Release|Any CPU
		{53F92DA1-B7E5-4C78-A7B6-005FC332747E}.Release|Any CPU.Deploy.0 = Release|Any CPU
		{14862F65-A2C9-4CFD-B03C-4031517BFF7C}.Debug|Any CPU.ActiveCfg = Debug|Any CPU
		{14862F65-A2C9-4CFD-B03C-4031517BFF7C}.Debug|Any CPU.Build.0 = Debug|Any CPU
		{14862F65-A2C9-4CFD-B03C-4031517BFF7C}.Release|Any CPU.ActiveCfg = Release|Any CPU
		{14862F65-A2C9-4CFD-B03C-4031517BFF7C}.Release|Any CPU.Build.0 = Release|Any CPU
		{17443447-76F3-49B8-8943-AA7D938AF2D0}.Debug|Any CPU.ActiveCfg = Debug|Any CPU
		{17443447-76F3-49B8-8943-AA7D938AF2D0}.Debug|Any CPU.Build.0 = Debug|Any CPU
		{17443447-76F3-49B8-8943-AA7D938AF2D0}.Release|Any CPU.ActiveCfg = Release|Any CPU
		{17443447-76F3-49B8-8943-AA7D938AF2D0}.Release|Any CPU.Build.0 = Release|Any CPU
		{8A3A5B2D-E041-44C0-AA3B-2B59102A23C5}.Debug|Any CPU.ActiveCfg = Debug|Any CPU
		{8A3A5B2D-E041-44C0-AA3B-2B59102A23C5}.Debug|Any CPU.Build.0 = Debug|Any CPU
		{8A3A5B2D-E041-44C0-AA3B-2B59102A23C5}.Release|Any CPU.ActiveCfg = Release|Any CPU
		{8A3A5B2D-E041-44C0-AA3B-2B59102A23C5}.Release|Any CPU.Build.0 = Release|Any CPU
		{91A12B30-6DC5-40E2-BEE3-FA5F8F8411FC}.Debug|Any CPU.ActiveCfg = Debug|Any CPU
		{91A12B30-6DC5-40E2-BEE3-FA5F8F8411FC}.Debug|Any CPU.Build.0 = Debug|Any CPU
		{91A12B30-6DC5-40E2-BEE3-FA5F8F8411FC}.Release|Any CPU.ActiveCfg = Release|Any CPU
		{91A12B30-6DC5-40E2-BEE3-FA5F8F8411FC}.Release|Any CPU.Build.0 = Release|Any CPU
		{EDB2967C-EE2E-4101-BE6A-8587A82F0D82}.Debug|Any CPU.ActiveCfg = Debug|Any CPU
		{EDB2967C-EE2E-4101-BE6A-8587A82F0D82}.Debug|Any CPU.Build.0 = Debug|Any CPU
		{EDB2967C-EE2E-4101-BE6A-8587A82F0D82}.Release|Any CPU.ActiveCfg = Release|Any CPU
		{EDB2967C-EE2E-4101-BE6A-8587A82F0D82}.Release|Any CPU.Build.0 = Release|Any CPU
		{443AA577-0983-4F3E-89C7-EB735506AAF8}.Debug|Any CPU.ActiveCfg = Debug|Any CPU
		{443AA577-0983-4F3E-89C7-EB735506AAF8}.Debug|Any CPU.Build.0 = Debug|Any CPU
		{443AA577-0983-4F3E-89C7-EB735506AAF8}.Release|Any CPU.ActiveCfg = Release|Any CPU
		{443AA577-0983-4F3E-89C7-EB735506AAF8}.Release|Any CPU.Build.0 = Release|Any CPU
		{8759D1B5-019E-43B4-9429-888803712C63}.Debug|Any CPU.ActiveCfg = Debug|Any CPU
		{8759D1B5-019E-43B4-9429-888803712C63}.Debug|Any CPU.Build.0 = Debug|Any CPU
		{8759D1B5-019E-43B4-9429-888803712C63}.Release|Any CPU.ActiveCfg = Release|Any CPU
		{8759D1B5-019E-43B4-9429-888803712C63}.Release|Any CPU.Build.0 = Release|Any CPU
		{AE2903B6-DA07-4A62-B783-0469D5E890AD}.Debug|Any CPU.ActiveCfg = Debug|Any CPU
		{AE2903B6-DA07-4A62-B783-0469D5E890AD}.Debug|Any CPU.Build.0 = Debug|Any CPU
		{AE2903B6-DA07-4A62-B783-0469D5E890AD}.Release|Any CPU.ActiveCfg = Release|Any CPU
		{AE2903B6-DA07-4A62-B783-0469D5E890AD}.Release|Any CPU.Build.0 = Release|Any CPU
		{720A788A-C3F5-4EA0-BB07-58A3D6DD723F}.Debug|Any CPU.ActiveCfg = Debug|Any CPU
		{720A788A-C3F5-4EA0-BB07-58A3D6DD723F}.Debug|Any CPU.Build.0 = Debug|Any CPU
		{720A788A-C3F5-4EA0-BB07-58A3D6DD723F}.Release|Any CPU.ActiveCfg = Release|Any CPU
		{720A788A-C3F5-4EA0-BB07-58A3D6DD723F}.Release|Any CPU.Build.0 = Release|Any CPU
		{32DC3214-5FB6-426C-B105-3239008B4806}.Debug|Any CPU.ActiveCfg = Debug|Any CPU
		{32DC3214-5FB6-426C-B105-3239008B4806}.Debug|Any CPU.Build.0 = Debug|Any CPU
		{32DC3214-5FB6-426C-B105-3239008B4806}.Release|Any CPU.ActiveCfg = Release|Any CPU
		{32DC3214-5FB6-426C-B105-3239008B4806}.Release|Any CPU.Build.0 = Release|Any CPU
	EndGlobalSection
	GlobalSection(SolutionProperties) = preSolution
		HideSolutionNode = FALSE
	EndGlobalSection
	GlobalSection(NestedProjects) = preSolution
		{14862F65-A2C9-4CFD-B03C-4031517BFF7C} = {D01B4CC9-BB54-4AAB-A4F7-A2981BFE740E}
		{17443447-76F3-49B8-8943-AA7D938AF2D0} = {D01B4CC9-BB54-4AAB-A4F7-A2981BFE740E}
		{8A3A5B2D-E041-44C0-AA3B-2B59102A23C5} = {D01B4CC9-BB54-4AAB-A4F7-A2981BFE740E}
		{91A12B30-6DC5-40E2-BEE3-FA5F8F8411FC} = {D01B4CC9-BB54-4AAB-A4F7-A2981BFE740E}
		{EDB2967C-EE2E-4101-BE6A-8587A82F0D82} = {D01B4CC9-BB54-4AAB-A4F7-A2981BFE740E}
		{8759D1B5-019E-43B4-9429-888803712C63} = {D01B4CC9-BB54-4AAB-A4F7-A2981BFE740E}
		{AE2903B6-DA07-4A62-B783-0469D5E890AD} = {16B08F5B-3A01-445D-A35B-5CB2CB001A0A}
		{32DC3214-5FB6-426C-B105-3239008B4806} = {16B08F5B-3A01-445D-A35B-5CB2CB001A0A}
	EndGlobalSection
	GlobalSection(ExtensibilityGlobals) = postSolution
		SolutionGuid = {61F7FB11-1E47-470C-91E2-47F8143E1572}
	EndGlobalSection
EndGlobal
